
Microsoft Visual Studio Solution File, Format Version 12.00
# Visual Studio Version 16
VisualStudioVersion = 16.0.31424.327
MinimumVisualStudioVersion = 10.0.40219.1
Project("{9A19103F-16F7-4668-BE54-9A1E7A4F7556}") = "OrnekServerProje", "OrnekServerProje\OrnekServerProje.csproj", "{A77A7DCD-FEC1-40D5-8311-7ECE08EF2B0B}"
EndProject
Project("{9A19103F-16F7-4668-BE54-9A1E7A4F7556}") = "IdentityServerPackage", "IdentityProje\IdentityServerPackage\IdentityServerPackage.csproj", "{6737B9CD-4E95-4A93-B8C0-E9BBB7D7A1B1}"
EndProject
Global
	GlobalSection(SolutionConfigurationPlatforms) = preSolution
		Debug|Any CPU = Debug|Any CPU
		Release|Any CPU = Release|Any CPU
	EndGlobalSection
	GlobalSection(ProjectConfigurationPlatforms) = postSolution
		{A77A7DCD-FEC1-40D5-8311-7ECE08EF2B0B}.Debug|Any CPU.ActiveCfg = Debug|Any CPU
		{A77A7DCD-FEC1-40D5-8311-7ECE08EF2B0B}.Debug|Any CPU.Build.0 = Debug|Any CPU
		{A77A7DCD-FEC1-40D5-8311-7ECE08EF2B0B}.Release|Any CPU.ActiveCfg = Release|Any CPU
		{A77A7DCD-FEC1-40D5-8311-7ECE08EF2B0B}.Release|Any CPU.Build.0 = Release|Any CPU
		{6737B9CD-4E95-4A93-B8C0-E9BBB7D7A1B1}.Debug|Any CPU.ActiveCfg = Debug|Any CPU
		{6737B9CD-4E95-4A93-B8C0-E9BBB7D7A1B1}.Debug|Any CPU.Build.0 = Debug|Any CPU
		{6737B9CD-4E95-4A93-B8C0-E9BBB7D7A1B1}.Release|Any CPU.ActiveCfg = Release|Any CPU
		{6737B9CD-4E95-4A93-B8C0-E9BBB7D7A1B1}.Release|Any CPU.Build.0 = Release|Any CPU
	EndGlobalSection
	GlobalSection(SolutionProperties) = preSolution
		HideSolutionNode = FALSE
	EndGlobalSection
	GlobalSection(ExtensibilityGlobals) = postSolution
		SolutionGuid = {663E1676-620A-4025-8C09-CF0C080BD9CE}
	EndGlobalSection
EndGlobal
